
Microsoft Visual Studio Solution File, Format Version 12.00
# Visual Studio Version 17
VisualStudioVersion = 17.14.36414.22
MinimumVisualStudioVersion = 10.0.40219.1
Project("{FAE04EC0-301F-11D3-BF4B-00C04F79EFBC}") = "Ejercicio1", "Ejercicio1\Ejercicio1.csproj", "{3A869F3B-21BD-4D98-B883-4E0DC3D7CD67}"
EndProject
Project("{FAE04EC0-301F-11D3-BF4B-00C04F79EFBC}") = "Dominio", "Dominio\Dominio.csproj", "{45314712-168B-4C49-89A0-BC7A199F3D15}"
EndProject
Project("{FAE04EC0-301F-11D3-BF4B-00C04F79EFBC}") = "Ejercicio02", "Ejercicio02\Ejercicio02.csproj", "{9B859FAB-1AB5-401D-9D84-D10E2E710109}"
EndProject
Project("{FAE04EC0-301F-11D3-BF4B-00C04F79EFBC}") = "Dominio02", "Dominio02\Dominio02.csproj", "{03E56C05-6E58-4D80-8B43-5FA0E9FAE52B}"
EndProject
Project("{FAE04EC0-301F-11D3-BF4B-00C04F79EFBC}") = "Ejercicio4", "Ejercicio4\Ejercicio4.csproj", "{B389DBFD-4166-44F4-B1C1-254B74C282E3}"
EndProject
Project("{FAE04EC0-301F-11D3-BF4B-00C04F79EFBC}") = "Dominio4", "Dominio4\Dominio4.csproj", "{DB4DA99F-9883-4DE3-8807-BB81A326D424}"
EndProject
Global
	GlobalSection(SolutionConfigurationPlatforms) = preSolution
		Debug|Any CPU = Debug|Any CPU
		Release|Any CPU = Release|Any CPU
	EndGlobalSection
	GlobalSection(ProjectConfigurationPlatforms) = postSolution
		{3A869F3B-21BD-4D98-B883-4E0DC3D7CD67}.Debug|Any CPU.ActiveCfg = Debug|Any CPU
		{3A869F3B-21BD-4D98-B883-4E0DC3D7CD67}.Debug|Any CPU.Build.0 = Debug|Any CPU
		{3A869F3B-21BD-4D98-B883-4E0DC3D7CD67}.Release|Any CPU.ActiveCfg = Release|Any CPU
		{3A869F3B-21BD-4D98-B883-4E0DC3D7CD67}.Release|Any CPU.Build.0 = Release|Any CPU
		{45314712-168B-4C49-89A0-BC7A199F3D15}.Debug|Any CPU.ActiveCfg = Debug|Any CPU
		{45314712-168B-4C49-89A0-BC7A199F3D15}.Debug|Any CPU.Build.0 = Debug|Any CPU
		{45314712-168B-4C49-89A0-BC7A199F3D15}.Release|Any CPU.ActiveCfg = Release|Any CPU
		{45314712-168B-4C49-89A0-BC7A199F3D15}.Release|Any CPU.Build.0 = Release|Any CPU
		{9B859FAB-1AB5-401D-9D84-D10E2E710109}.Debug|Any CPU.ActiveCfg = Debug|Any CPU
		{9B859FAB-1AB5-401D-9D84-D10E2E710109}.Debug|Any CPU.Build.0 = Debug|Any CPU
		{9B859FAB-1AB5-401D-9D84-D10E2E710109}.Release|Any CPU.ActiveCfg = Release|Any CPU
		{9B859FAB-1AB5-401D-9D84-D10E2E710109}.Release|Any CPU.Build.0 = Release|Any CPU
		{03E56C05-6E58-4D80-8B43-5FA0E9FAE52B}.Debug|Any CPU.ActiveCfg = Debug|Any CPU
		{03E56C05-6E58-4D80-8B43-5FA0E9FAE52B}.Debug|Any CPU.Build.0 = Debug|Any CPU
		{03E56C05-6E58-4D80-8B43-5FA0E9FAE52B}.Release|Any CPU.ActiveCfg = Release|Any CPU
		{03E56C05-6E58-4D80-8B43-5FA0E9FAE52B}.Release|Any CPU.Build.0 = Release|Any CPU
		{B389DBFD-4166-44F4-B1C1-254B74C282E3}.Debug|Any CPU.ActiveCfg = Debug|Any CPU
		{B389DBFD-4166-44F4-B1C1-254B74C282E3}.Debug|Any CPU.Build.0 = Debug|Any CPU
		{B389DBFD-4166-44F4-B1C1-254B74C282E3}.Release|Any CPU.ActiveCfg = Release|Any CPU
		{B389DBFD-4166-44F4-B1C1-254B74C282E3}.Release|Any CPU.Build.0 = Release|Any CPU
		{DB4DA99F-9883-4DE3-8807-BB81A326D424}.Debug|Any CPU.ActiveCfg = Debug|Any CPU
		{DB4DA99F-9883-4DE3-8807-BB81A326D424}.Debug|Any CPU.Build.0 = Debug|Any CPU
		{DB4DA99F-9883-4DE3-8807-BB81A326D424}.Release|Any CPU.ActiveCfg = Release|Any CPU
		{DB4DA99F-9883-4DE3-8807-BB81A326D424}.Release|Any CPU.Build.0 = Release|Any CPU
	EndGlobalSection
	GlobalSection(SolutionProperties) = preSolution
		HideSolutionNode = FALSE
	EndGlobalSection
	GlobalSection(ExtensibilityGlobals) = postSolution
		SolutionGuid = {8EDAF854-EB24-4870-8B42-F36BBAEDFD4A}
	EndGlobalSection
EndGlobal
