
Microsoft Visual Studio Solution File, Format Version 12.00
# Visual Studio Version 17
VisualStudioVersion = 17.14.36414.22 d17.14
MinimumVisualStudioVersion = 10.0.40219.1
Project("{FAE04EC0-301F-11D3-BF4B-00C04F79EFBC}") = "Ejercicio1", "Ejercicio1\Ejercicio1.csproj", "{3A869F3B-21BD-4D98-B883-4E0DC3D7CD67}"
EndProject
Project("{FAE04EC0-301F-11D3-BF4B-00C04F79EFBC}") = "Dominio", "Dominio\Dominio.csproj", "{45314712-168B-4C49-89A0-BC7A199F3D15}"
EndProject
Global
	GlobalSection(SolutionConfigurationPlatforms) = preSolution
		Debug|Any CPU = Debug|Any CPU
		Release|Any CPU = Release|Any CPU
	EndGlobalSection
	GlobalSection(ProjectConfigurationPlatforms) = postSolution
		{3A869F3B-21BD-4D98-B883-4E0DC3D7CD67}.Debug|Any CPU.ActiveCfg = Debug|Any CPU
		{3A869F3B-21BD-4D98-B883-4E0DC3D7CD67}.Debug|Any CPU.Build.0 = Debug|Any CPU
		{3A869F3B-21BD-4D98-B883-4E0DC3D7CD67}.Release|Any CPU.ActiveCfg = Release|Any CPU
		{3A869F3B-21BD-4D98-B883-4E0DC3D7CD67}.Release|Any CPU.Build.0 = Release|Any CPU
		{45314712-168B-4C49-89A0-BC7A199F3D15}.Debug|Any CPU.ActiveCfg = Debug|Any CPU
		{45314712-168B-4C49-89A0-BC7A199F3D15}.Debug|Any CPU.Build.0 = Debug|Any CPU
		{45314712-168B-4C49-89A0-BC7A199F3D15}.Release|Any CPU.ActiveCfg = Release|Any CPU
		{45314712-168B-4C49-89A0-BC7A199F3D15}.Release|Any CPU.Build.0 = Release|Any CPU
	EndGlobalSection
	GlobalSection(SolutionProperties) = preSolution
		HideSolutionNode = FALSE
	EndGlobalSection
	GlobalSection(ExtensibilityGlobals) = postSolution
		SolutionGuid = {8EDAF854-EB24-4870-8B42-F36BBAEDFD4A}
	EndGlobalSection
EndGlobal
